// !$*UTF8*$!
{
	archiveVersion = 1;
	classes = {
	};
	objectVersion = 55;
	objects = {

/* Begin PBXBuildFile section */
		5851243D28AE3BD300D2C651 /* animalsApp.swift in Sources */ = {isa = PBXBuildFile; fileRef = 5851243C28AE3BD300D2C651 /* animalsApp.swift */; };
		5851243F28AE3BD300D2C651 /* AnimalListView.swift in Sources */ = {isa = PBXBuildFile; fileRef = 5851243E28AE3BD300D2C651 /* AnimalListView.swift */; };
		5851244128AE3BD500D2C651 /* Assets.xcassets in Resources */ = {isa = PBXBuildFile; fileRef = 5851244028AE3BD500D2C651 /* Assets.xcassets */; };
		5851244428AE3BD500D2C651 /* Preview Assets.xcassets in Resources */ = {isa = PBXBuildFile; fileRef = 5851244328AE3BD500D2C651 /* Preview Assets.xcassets */; };
		5851244E28AE3BD500D2C651 /* animalsTests.swift in Sources */ = {isa = PBXBuildFile; fileRef = 5851244D28AE3BD500D2C651 /* animalsTests.swift */; };
		5851245828AE3BD500D2C651 /* animalsUITests.swift in Sources */ = {isa = PBXBuildFile; fileRef = 5851245728AE3BD500D2C651 /* animalsUITests.swift */; };
		5851245A28AE3BD500D2C651 /* animalsUITestsLaunchTests.swift in Sources */ = {isa = PBXBuildFile; fileRef = 5851245928AE3BD500D2C651 /* animalsUITestsLaunchTests.swift */; };
		5851246728AE3CAE00D2C651 /* LaunchScreen.storyboard in Resources */ = {isa = PBXBuildFile; fileRef = 5851246628AE3CAE00D2C651 /* LaunchScreen.storyboard */; };
		5851246928AE50F300D2C651 /* AnimalViewModel.swift in Sources */ = {isa = PBXBuildFile; fileRef = 5851246828AE50F300D2C651 /* AnimalViewModel.swift */; };
		5851246B28AE510300D2C651 /* SettingsView.swift in Sources */ = {isa = PBXBuildFile; fileRef = 5851246A28AE510300D2C651 /* SettingsView.swift */; };
		5851246D28AE511300D2C651 /* AnimalDetailView.swift in Sources */ = {isa = PBXBuildFile; fileRef = 5851246C28AE511300D2C651 /* AnimalDetailView.swift */; };
		5851246F28AE512100D2C651 /* AnimalModel.swift in Sources */ = {isa = PBXBuildFile; fileRef = 5851246E28AE512100D2C651 /* AnimalModel.swift */; };
		5851247128AE512A00D2C651 /* Enums.swift in Sources */ = {isa = PBXBuildFile; fileRef = 5851247028AE512A00D2C651 /* Enums.swift */; };
		5851247528AE535900D2C651 /* AnimalRequest.swift in Sources */ = {isa = PBXBuildFile; fileRef = 5851247428AE535900D2C651 /* AnimalRequest.swift */; };
		5851247B28AED6D100D2C651 /* BottomSheet in Frameworks */ = {isa = PBXBuildFile; productRef = 5851247A28AED6D100D2C651 /* BottomSheet */; };
		5851247D28AEF7E100D2C651 /* SharedComponents.swift in Sources */ = {isa = PBXBuildFile; fileRef = 5851247C28AEF7E100D2C651 /* SharedComponents.swift */; };
		5851247F28AFBB3F00D2C651 /* AnimalDetailViewModel.swift in Sources */ = {isa = PBXBuildFile; fileRef = 5851247E28AFBB3F00D2C651 /* AnimalDetailViewModel.swift */; };
		5851248128AFD82A00D2C651 /* UserSettings.swift in Sources */ = {isa = PBXBuildFile; fileRef = 5851248028AFD82A00D2C651 /* UserSettings.swift */; };
/* End PBXBuildFile section */

/* Begin PBXContainerItemProxy section */
		5851244A28AE3BD500D2C651 /* PBXContainerItemProxy */ = {
			isa = PBXContainerItemProxy;
			containerPortal = 5851243128AE3BD300D2C651 /* Project object */;
			proxyType = 1;
			remoteGlobalIDString = 5851243828AE3BD300D2C651;
			remoteInfo = animals;
		};
		5851245428AE3BD500D2C651 /* PBXContainerItemProxy */ = {
			isa = PBXContainerItemProxy;
			containerPortal = 5851243128AE3BD300D2C651 /* Project object */;
			proxyType = 1;
			remoteGlobalIDString = 5851243828AE3BD300D2C651;
			remoteInfo = animals;
		};
/* End PBXContainerItemProxy section */

/* Begin PBXFileReference section */
		5851243928AE3BD300D2C651 /* animals.app */ = {isa = PBXFileReference; explicitFileType = wrapper.application; includeInIndex = 0; path = animals.app; sourceTree = BUILT_PRODUCTS_DIR; };
		5851243C28AE3BD300D2C651 /* animalsApp.swift */ = {isa = PBXFileReference; lastKnownFileType = sourcecode.swift; path = animalsApp.swift; sourceTree = "<group>"; };
		5851243E28AE3BD300D2C651 /* AnimalListView.swift */ = {isa = PBXFileReference; lastKnownFileType = sourcecode.swift; path = AnimalListView.swift; sourceTree = "<group>"; };
		5851244028AE3BD500D2C651 /* Assets.xcassets */ = {isa = PBXFileReference; lastKnownFileType = folder.assetcatalog; path = Assets.xcassets; sourceTree = "<group>"; };
		5851244328AE3BD500D2C651 /* Preview Assets.xcassets */ = {isa = PBXFileReference; lastKnownFileType = folder.assetcatalog; path = "Preview Assets.xcassets"; sourceTree = "<group>"; };
		5851244928AE3BD500D2C651 /* animalsTests.xctest */ = {isa = PBXFileReference; explicitFileType = wrapper.cfbundle; includeInIndex = 0; path = animalsTests.xctest; sourceTree = BUILT_PRODUCTS_DIR; };
		5851244D28AE3BD500D2C651 /* animalsTests.swift */ = {isa = PBXFileReference; lastKnownFileType = sourcecode.swift; path = animalsTests.swift; sourceTree = "<group>"; };
		5851245328AE3BD500D2C651 /* animalsUITests.xctest */ = {isa = PBXFileReference; explicitFileType = wrapper.cfbundle; includeInIndex = 0; path = animalsUITests.xctest; sourceTree = BUILT_PRODUCTS_DIR; };
		5851245728AE3BD500D2C651 /* animalsUITests.swift */ = {isa = PBXFileReference; lastKnownFileType = sourcecode.swift; path = animalsUITests.swift; sourceTree = "<group>"; };
		5851245928AE3BD500D2C651 /* animalsUITestsLaunchTests.swift */ = {isa = PBXFileReference; lastKnownFileType = sourcecode.swift; path = animalsUITestsLaunchTests.swift; sourceTree = "<group>"; };
		5851246628AE3CAE00D2C651 /* LaunchScreen.storyboard */ = {isa = PBXFileReference; lastKnownFileType = file.storyboard; path = LaunchScreen.storyboard; sourceTree = "<group>"; };
		5851246828AE50F300D2C651 /* AnimalViewModel.swift */ = {isa = PBXFileReference; lastKnownFileType = sourcecode.swift; path = AnimalViewModel.swift; sourceTree = "<group>"; };
		5851246A28AE510300D2C651 /* SettingsView.swift */ = {isa = PBXFileReference; lastKnownFileType = sourcecode.swift; path = SettingsView.swift; sourceTree = "<group>"; };
		5851246C28AE511300D2C651 /* AnimalDetailView.swift */ = {isa = PBXFileReference; lastKnownFileType = sourcecode.swift; path = AnimalDetailView.swift; sourceTree = "<group>"; };
		5851246E28AE512100D2C651 /* AnimalModel.swift */ = {isa = PBXFileReference; lastKnownFileType = sourcecode.swift; path = AnimalModel.swift; sourceTree = "<group>"; };
		5851247028AE512A00D2C651 /* Enums.swift */ = {isa = PBXFileReference; lastKnownFileType = sourcecode.swift; path = Enums.swift; sourceTree = "<group>"; };
		5851247428AE535900D2C651 /* AnimalRequest.swift */ = {isa = PBXFileReference; lastKnownFileType = sourcecode.swift; path = AnimalRequest.swift; sourceTree = "<group>"; };
		5851247C28AEF7E100D2C651 /* SharedComponents.swift */ = {isa = PBXFileReference; lastKnownFileType = sourcecode.swift; path = SharedComponents.swift; sourceTree = "<group>"; };
		5851247E28AFBB3F00D2C651 /* AnimalDetailViewModel.swift */ = {isa = PBXFileReference; lastKnownFileType = sourcecode.swift; path = AnimalDetailViewModel.swift; sourceTree = "<group>"; };
		5851248028AFD82A00D2C651 /* UserSettings.swift */ = {isa = PBXFileReference; lastKnownFileType = sourcecode.swift; path = UserSettings.swift; sourceTree = "<group>"; };
/* End PBXFileReference section */

/* Begin PBXFrameworksBuildPhase section */
		5851243628AE3BD300D2C651 /* Frameworks */ = {
			isa = PBXFrameworksBuildPhase;
			buildActionMask = 2147483647;
			files = (
				5851247B28AED6D100D2C651 /* BottomSheet in Frameworks */,
			);
			runOnlyForDeploymentPostprocessing = 0;
		};
		5851244628AE3BD500D2C651 /* Frameworks */ = {
			isa = PBXFrameworksBuildPhase;
			buildActionMask = 2147483647;
			files = (
			);
			runOnlyForDeploymentPostprocessing = 0;
		};
		5851245028AE3BD500D2C651 /* Frameworks */ = {
			isa = PBXFrameworksBuildPhase;
			buildActionMask = 2147483647;
			files = (
			);
			runOnlyForDeploymentPostprocessing = 0;
		};
/* End PBXFrameworksBuildPhase section */

/* Begin PBXGroup section */
		5851243028AE3BD300D2C651 = {
			isa = PBXGroup;
			children = (
				5851243C28AE3BD300D2C651 /* animalsApp.swift */,
				5851243B28AE3BD300D2C651 /* animals */,
				5851244C28AE3BD500D2C651 /* animalsTests */,
				5851245628AE3BD500D2C651 /* animalsUITests */,
				5851243A28AE3BD300D2C651 /* Products */,
			);
			sourceTree = "<group>";
		};
		5851243A28AE3BD300D2C651 /* Products */ = {
			isa = PBXGroup;
			children = (
				5851243928AE3BD300D2C651 /* animals.app */,
				5851244928AE3BD500D2C651 /* animalsTests.xctest */,
				5851245328AE3BD500D2C651 /* animalsUITests.xctest */,
			);
			name = Products;
			sourceTree = "<group>";
		};
		5851243B28AE3BD300D2C651 /* animals */ = {
			isa = PBXGroup;
			children = (
				5851248528AFD8FF00D2C651 /* Helpers */,
				5851248428AFD8F700D2C651 /* ViewModels */,
				5851248328AFD8F000D2C651 /* Models */,
				5851248228AFD8EC00D2C651 /* Views */,
				5851244028AE3BD500D2C651 /* Assets.xcassets */,
				5851244228AE3BD500D2C651 /* Preview Content */,
			);
			path = animals;
			sourceTree = "<group>";
		};
		5851244228AE3BD500D2C651 /* Preview Content */ = {
			isa = PBXGroup;
			children = (
				5851244328AE3BD500D2C651 /* Preview Assets.xcassets */,
			);
			path = "Preview Content";
			sourceTree = "<group>";
		};
		5851244C28AE3BD500D2C651 /* animalsTests */ = {
			isa = PBXGroup;
			children = (
				5851244D28AE3BD500D2C651 /* animalsTests.swift */,
			);
			path = animalsTests;
			sourceTree = "<group>";
		};
		5851245628AE3BD500D2C651 /* animalsUITests */ = {
			isa = PBXGroup;
			children = (
				5851245728AE3BD500D2C651 /* animalsUITests.swift */,
				5851245928AE3BD500D2C651 /* animalsUITestsLaunchTests.swift */,
			);
			path = animalsUITests;
			sourceTree = "<group>";
		};
		5851248228AFD8EC00D2C651 /* Views */ = {
			isa = PBXGroup;
			children = (
				5851246628AE3CAE00D2C651 /* LaunchScreen.storyboard */,
				5851246C28AE511300D2C651 /* AnimalDetailView.swift */,
				5851246A28AE510300D2C651 /* SettingsView.swift */,
				5851247428AE535900D2C651 /* AnimalRequest.swift */,
				5851243E28AE3BD300D2C651 /* AnimalListView.swift */,
			);
			path = Views;
			sourceTree = "<group>";
		};
		5851248328AFD8F000D2C651 /* Models */ = {
			isa = PBXGroup;
			children = (
				5851246E28AE512100D2C651 /* AnimalModel.swift */,
			);
			path = Models;
			sourceTree = "<group>";
		};
		5851248428AFD8F700D2C651 /* ViewModels */ = {
			isa = PBXGroup;
			children = (
				5851247E28AFBB3F00D2C651 /* AnimalDetailViewModel.swift */,
				5851246828AE50F300D2C651 /* AnimalViewModel.swift */,
			);
			path = ViewModels;
			sourceTree = "<group>";
		};
		5851248528AFD8FF00D2C651 /* Helpers */ = {
			isa = PBXGroup;
			children = (
				5851248028AFD82A00D2C651 /* UserSettings.swift */,
				5851247C28AEF7E100D2C651 /* SharedComponents.swift */,
				5851247028AE512A00D2C651 /* Enums.swift */,
			);
			path = Helpers;
			sourceTree = "<group>";
		};
/* End PBXGroup section */

/* Begin PBXNativeTarget section */
		5851243828AE3BD300D2C651 /* animals */ = {
			isa = PBXNativeTarget;
			buildConfigurationList = 5851245D28AE3BD500D2C651 /* Build configuration list for PBXNativeTarget "animals" */;
			buildPhases = (
				5851243528AE3BD300D2C651 /* Sources */,
				5851243628AE3BD300D2C651 /* Frameworks */,
				5851243728AE3BD300D2C651 /* Resources */,
			);
			buildRules = (
			);
			dependencies = (
			);
			name = animals;
			packageProductDependencies = (
				5851247A28AED6D100D2C651 /* BottomSheet */,
			);
			productName = animals;
			productReference = 5851243928AE3BD300D2C651 /* animals.app */;
			productType = "com.apple.product-type.application";
		};
		5851244828AE3BD500D2C651 /* animalsTests */ = {
			isa = PBXNativeTarget;
			buildConfigurationList = 5851246028AE3BD500D2C651 /* Build configuration list for PBXNativeTarget "animalsTests" */;
			buildPhases = (
				5851244528AE3BD500D2C651 /* Sources */,
				5851244628AE3BD500D2C651 /* Frameworks */,
				5851244728AE3BD500D2C651 /* Resources */,
			);
			buildRules = (
			);
			dependencies = (
				5851244B28AE3BD500D2C651 /* PBXTargetDependency */,
			);
			name = animalsTests;
			productName = animalsTests;
			productReference = 5851244928AE3BD500D2C651 /* animalsTests.xctest */;
			productType = "com.apple.product-type.bundle.unit-test";
		};
		5851245228AE3BD500D2C651 /* animalsUITests */ = {
			isa = PBXNativeTarget;
			buildConfigurationList = 5851246328AE3BD500D2C651 /* Build configuration list for PBXNativeTarget "animalsUITests" */;
			buildPhases = (
				5851244F28AE3BD500D2C651 /* Sources */,
				5851245028AE3BD500D2C651 /* Frameworks */,
				5851245128AE3BD500D2C651 /* Resources */,
			);
			buildRules = (
			);
			dependencies = (
				5851245528AE3BD500D2C651 /* PBXTargetDependency */,
			);
			name = animalsUITests;
			productName = animalsUITests;
			productReference = 5851245328AE3BD500D2C651 /* animalsUITests.xctest */;
			productType = "com.apple.product-type.bundle.ui-testing";
		};
/* End PBXNativeTarget section */

/* Begin PBXProject section */
		5851243128AE3BD300D2C651 /* Project object */ = {
			isa = PBXProject;
			attributes = {
				BuildIndependentTargetsInParallel = 1;
				LastSwiftUpdateCheck = 1340;
				LastUpgradeCheck = 1340;
				TargetAttributes = {
					5851243828AE3BD300D2C651 = {
						CreatedOnToolsVersion = 13.4.1;
					};
					5851244828AE3BD500D2C651 = {
						CreatedOnToolsVersion = 13.4.1;
						TestTargetID = 5851243828AE3BD300D2C651;
					};
					5851245228AE3BD500D2C651 = {
						CreatedOnToolsVersion = 13.4.1;
						TestTargetID = 5851243828AE3BD300D2C651;
					};
				};
			};
			buildConfigurationList = 5851243428AE3BD300D2C651 /* Build configuration list for PBXProject "animals" */;
			compatibilityVersion = "Xcode 13.0";
			developmentRegion = en;
			hasScannedForEncodings = 0;
			knownRegions = (
				en,
				Base,
			);
			mainGroup = 5851243028AE3BD300D2C651;
			packageReferences = (
				5851247928AED6D100D2C651 /* XCRemoteSwiftPackageReference "bottom-sheet" */,
			);
			productRefGroup = 5851243A28AE3BD300D2C651 /* Products */;
			projectDirPath = "";
			projectRoot = "";
			targets = (
				5851243828AE3BD300D2C651 /* animals */,
				5851244828AE3BD500D2C651 /* animalsTests */,
				5851245228AE3BD500D2C651 /* animalsUITests */,
			);
		};
/* End PBXProject section */

/* Begin PBXResourcesBuildPhase section */
		5851243728AE3BD300D2C651 /* Resources */ = {
			isa = PBXResourcesBuildPhase;
			buildActionMask = 2147483647;
			files = (
				5851246728AE3CAE00D2C651 /* LaunchScreen.storyboard in Resources */,
				5851244428AE3BD500D2C651 /* Preview Assets.xcassets in Resources */,
				5851244128AE3BD500D2C651 /* Assets.xcassets in Resources */,
			);
			runOnlyForDeploymentPostprocessing = 0;
		};
		5851244728AE3BD500D2C651 /* Resources */ = {
			isa = PBXResourcesBuildPhase;
			buildActionMask = 2147483647;
			files = (
			);
			runOnlyForDeploymentPostprocessing = 0;
		};
		5851245128AE3BD500D2C651 /* Resources */ = {
			isa = PBXResourcesBuildPhase;
			buildActionMask = 2147483647;
			files = (
			);
			runOnlyForDeploymentPostprocessing = 0;
		};
/* End PBXResourcesBuildPhase section */

/* Begin PBXSourcesBuildPhase section */
		5851243528AE3BD300D2C651 /* Sources */ = {
			isa = PBXSourcesBuildPhase;
			buildActionMask = 2147483647;
			files = (
				5851243F28AE3BD300D2C651 /* AnimalListView.swift in Sources */,
				5851247528AE535900D2C651 /* AnimalRequest.swift in Sources */,
				5851246F28AE512100D2C651 /* AnimalModel.swift in Sources */,
				5851247D28AEF7E100D2C651 /* SharedComponents.swift in Sources */,
				5851246B28AE510300D2C651 /* SettingsView.swift in Sources */,
				5851247F28AFBB3F00D2C651 /* AnimalDetailViewModel.swift in Sources */,
				5851243D28AE3BD300D2C651 /* animalsApp.swift in Sources */,
				5851247128AE512A00D2C651 /* Enums.swift in Sources */,
				5851246928AE50F300D2C651 /* AnimalViewModel.swift in Sources */,
				5851246D28AE511300D2C651 /* AnimalDetailView.swift in Sources */,
				5851248128AFD82A00D2C651 /* UserSettings.swift in Sources */,
			);
			runOnlyForDeploymentPostprocessing = 0;
		};
		5851244528AE3BD500D2C651 /* Sources */ = {
			isa = PBXSourcesBuildPhase;
			buildActionMask = 2147483647;
			files = (
				5851244E28AE3BD500D2C651 /* animalsTests.swift in Sources */,
			);
			runOnlyForDeploymentPostprocessing = 0;
		};
		5851244F28AE3BD500D2C651 /* Sources */ = {
			isa = PBXSourcesBuildPhase;
			buildActionMask = 2147483647;
			files = (
				5851245A28AE3BD500D2C651 /* animalsUITestsLaunchTests.swift in Sources */,
				5851245828AE3BD500D2C651 /* animalsUITests.swift in Sources */,
			);
			runOnlyForDeploymentPostprocessing = 0;
		};
/* End PBXSourcesBuildPhase section */

/* Begin PBXTargetDependency section */
		5851244B28AE3BD500D2C651 /* PBXTargetDependency */ = {
			isa = PBXTargetDependency;
			target = 5851243828AE3BD300D2C651 /* animals */;
			targetProxy = 5851244A28AE3BD500D2C651 /* PBXContainerItemProxy */;
		};
		5851245528AE3BD500D2C651 /* PBXTargetDependency */ = {
			isa = PBXTargetDependency;
			target = 5851243828AE3BD300D2C651 /* animals */;
			targetProxy = 5851245428AE3BD500D2C651 /* PBXContainerItemProxy */;
		};
/* End PBXTargetDependency section */

/* Begin XCBuildConfiguration section */
		5851245B28AE3BD500D2C651 /* Debug */ = {
			isa = XCBuildConfiguration;
			buildSettings = {
				ALWAYS_SEARCH_USER_PATHS = NO;
				CLANG_ANALYZER_NONNULL = YES;
				CLANG_ANALYZER_NUMBER_OBJECT_CONVERSION = YES_AGGRESSIVE;
				CLANG_CXX_LANGUAGE_STANDARD = "gnu++17";
				CLANG_ENABLE_MODULES = YES;
				CLANG_ENABLE_OBJC_ARC = YES;
				CLANG_ENABLE_OBJC_WEAK = YES;
				CLANG_WARN_BLOCK_CAPTURE_AUTORELEASING = YES;
				CLANG_WARN_BOOL_CONVERSION = YES;
				CLANG_WARN_COMMA = YES;
				CLANG_WARN_CONSTANT_CONVERSION = YES;
				CLANG_WARN_DEPRECATED_OBJC_IMPLEMENTATIONS = YES;
				CLANG_WARN_DIRECT_OBJC_ISA_USAGE = YES_ERROR;
				CLANG_WARN_DOCUMENTATION_COMMENTS = YES;
				CLANG_WARN_EMPTY_BODY = YES;
				CLANG_WARN_ENUM_CONVERSION = YES;
				CLANG_WARN_INFINITE_RECURSION = YES;
				CLANG_WARN_INT_CONVERSION = YES;
				CLANG_WARN_NON_LITERAL_NULL_CONVERSION = YES;
				CLANG_WARN_OBJC_IMPLICIT_RETAIN_SELF = YES;
				CLANG_WARN_OBJC_LITERAL_CONVERSION = YES;
				CLANG_WARN_OBJC_ROOT_CLASS = YES_ERROR;
				CLANG_WARN_QUOTED_INCLUDE_IN_FRAMEWORK_HEADER = YES;
				CLANG_WARN_RANGE_LOOP_ANALYSIS = YES;
				CLANG_WARN_STRICT_PROTOTYPES = YES;
				CLANG_WARN_SUSPICIOUS_MOVE = YES;
				CLANG_WARN_UNGUARDED_AVAILABILITY = YES_AGGRESSIVE;
				CLANG_WARN_UNREACHABLE_CODE = YES;
				CLANG_WARN__DUPLICATE_METHOD_MATCH = YES;
				COPY_PHASE_STRIP = NO;
				DEBUG_INFORMATION_FORMAT = dwarf;
				ENABLE_STRICT_OBJC_MSGSEND = YES;
				ENABLE_TESTABILITY = YES;
				GCC_C_LANGUAGE_STANDARD = gnu11;
				GCC_DYNAMIC_NO_PIC = NO;
				GCC_NO_COMMON_BLOCKS = YES;
				GCC_OPTIMIZATION_LEVEL = 0;
				GCC_PREPROCESSOR_DEFINITIONS = (
					"DEBUG=1",
					"$(inherited)",
				);
				GCC_WARN_64_TO_32_BIT_CONVERSION = YES;
				GCC_WARN_ABOUT_RETURN_TYPE = YES_ERROR;
				GCC_WARN_UNDECLARED_SELECTOR = YES;
				GCC_WARN_UNINITIALIZED_AUTOS = YES_AGGRESSIVE;
				GCC_WARN_UNUSED_FUNCTION = YES;
				GCC_WARN_UNUSED_VARIABLE = YES;
				IPHONEOS_DEPLOYMENT_TARGET = 15.5;
				MTL_ENABLE_DEBUG_INFO = INCLUDE_SOURCE;
				MTL_FAST_MATH = YES;
				ONLY_ACTIVE_ARCH = YES;
				SDKROOT = iphoneos;
				SWIFT_ACTIVE_COMPILATION_CONDITIONS = DEBUG;
				SWIFT_OPTIMIZATION_LEVEL = "-Onone";
			};
			name = Debug;
		};
		5851245C28AE3BD500D2C651 /* Release */ = {
			isa = XCBuildConfiguration;
			buildSettings = {
				ALWAYS_SEARCH_USER_PATHS = NO;
				CLANG_ANALYZER_NONNULL = YES;
				CLANG_ANALYZER_NUMBER_OBJECT_CONVERSION = YES_AGGRESSIVE;
				CLANG_CXX_LANGUAGE_STANDARD = "gnu++17";
				CLANG_ENABLE_MODULES = YES;
				CLANG_ENABLE_OBJC_ARC = YES;
				CLANG_ENABLE_OBJC_WEAK = YES;
				CLANG_WARN_BLOCK_CAPTURE_AUTORELEASING = YES;
				CLANG_WARN_BOOL_CONVERSION = YES;
				CLANG_WARN_COMMA = YES;
				CLANG_WARN_CONSTANT_CONVERSION = YES;
				CLANG_WARN_DEPRECATED_OBJC_IMPLEMENTATIONS = YES;
				CLANG_WARN_DIRECT_OBJC_ISA_USAGE = YES_ERROR;
				CLANG_WARN_DOCUMENTATION_COMMENTS = YES;
				CLANG_WARN_EMPTY_BODY = YES;
				CLANG_WARN_ENUM_CONVERSION = YES;
				CLANG_WARN_INFINITE_RECURSION = YES;
				CLANG_WARN_INT_CONVERSION = YES;
				CLANG_WARN_NON_LITERAL_NULL_CONVERSION = YES;
				CLANG_WARN_OBJC_IMPLICIT_RETAIN_SELF = YES;
				CLANG_WARN_OBJC_LITERAL_CONVERSION = YES;
				CLANG_WARN_OBJC_ROOT_CLASS = YES_ERROR;
				CLANG_WARN_QUOTED_INCLUDE_IN_FRAMEWORK_HEADER = YES;
				CLANG_WARN_RANGE_LOOP_ANALYSIS = YES;
				CLANG_WARN_STRICT_PROTOTYPES = YES;
				CLANG_WARN_SUSPICIOUS_MOVE = YES;
				CLANG_WARN_UNGUARDED_AVAILABILITY = YES_AGGRESSIVE;
				CLANG_WARN_UNREACHABLE_CODE = YES;
				CLANG_WARN__DUPLICATE_METHOD_MATCH = YES;
				COPY_PHASE_STRIP = NO;
				DEBUG_INFORMATION_FORMAT = "dwarf-with-dsym";
				ENABLE_NS_ASSERTIONS = NO;
				ENABLE_STRICT_OBJC_MSGSEND = YES;
				GCC_C_LANGUAGE_STANDARD = gnu11;
				GCC_NO_COMMON_BLOCKS = YES;
				GCC_WARN_64_TO_32_BIT_CONVERSION = YES;
				GCC_WARN_ABOUT_RETURN_TYPE = YES_ERROR;
				GCC_WARN_UNDECLARED_SELECTOR = YES;
				GCC_WARN_UNINITIALIZED_AUTOS = YES_AGGRESSIVE;
				GCC_WARN_UNUSED_FUNCTION = YES;
				GCC_WARN_UNUSED_VARIABLE = YES;
				IPHONEOS_DEPLOYMENT_TARGET = 15.5;
				MTL_ENABLE_DEBUG_INFO = NO;
				MTL_FAST_MATH = YES;
				SDKROOT = iphoneos;
				SWIFT_COMPILATION_MODE = wholemodule;
				SWIFT_OPTIMIZATION_LEVEL = "-O";
				VALIDATE_PRODUCT = YES;
			};
			name = Release;
		};
		5851245E28AE3BD500D2C651 /* Debug */ = {
			isa = XCBuildConfiguration;
			buildSettings = {
				ASSETCATALOG_COMPILER_APPICON_NAME = AppIcon;
				ASSETCATALOG_COMPILER_GLOBAL_ACCENT_COLOR_NAME = AccentColor;
				CODE_SIGN_STYLE = Automatic;
				CURRENT_PROJECT_VERSION = 1;
				DEVELOPMENT_ASSET_PATHS = "\"animals/Preview Content\"";
				DEVELOPMENT_TEAM = T2N37Q7UR9;
				ENABLE_PREVIEWS = YES;
				GENERATE_INFOPLIST_FILE = YES;
				INFOPLIST_KEY_UIApplicationSceneManifest_Generation = YES;
				INFOPLIST_KEY_UIApplicationSupportsIndirectInputEvents = YES;
				INFOPLIST_KEY_UILaunchScreen_Generation = YES;
				INFOPLIST_KEY_UILaunchStoryboardName = LaunchScreen;
				INFOPLIST_KEY_UISupportedInterfaceOrientations = UIInterfaceOrientationPortrait;
				INFOPLIST_KEY_UISupportedInterfaceOrientations_iPad = "UIInterfaceOrientationPortrait UIInterfaceOrientationPortraitUpsideDown UIInterfaceOrientationLandscapeLeft UIInterfaceOrientationLandscapeRight";
				INFOPLIST_KEY_UISupportedInterfaceOrientations_iPhone = "UIInterfaceOrientationPortrait UIInterfaceOrientationLandscapeLeft UIInterfaceOrientationLandscapeRight";
				LD_RUNPATH_SEARCH_PATHS = (
					"$(inherited)",
					"@executable_path/Frameworks",
				);
				MARKETING_VERSION = 1.0;
				PRODUCT_BUNDLE_IDENTIFIER = noumanmehmood.animals;
				PRODUCT_NAME = "$(TARGET_NAME)";
				SWIFT_EMIT_LOC_STRINGS = YES;
				SWIFT_VERSION = 5.0;
				TARGETED_DEVICE_FAMILY = 1;
			};
			name = Debug;
		};
		5851245F28AE3BD500D2C651 /* Release */ = {
			isa = XCBuildConfiguration;
			buildSettings = {
				ASSETCATALOG_COMPILER_APPICON_NAME = AppIcon;
				ASSETCATALOG_COMPILER_GLOBAL_ACCENT_COLOR_NAME = AccentColor;
				CODE_SIGN_STYLE = Automatic;
				CURRENT_PROJECT_VERSION = 1;
				DEVELOPMENT_ASSET_PATHS = "\"animals/Preview Content\"";
				DEVELOPMENT_TEAM = T2N37Q7UR9;
				ENABLE_PREVIEWS = YES;
				GENERATE_INFOPLIST_FILE = YES;
				INFOPLIST_KEY_UIApplicationSceneManifest_Generation = YES;
				INFOPLIST_KEY_UIApplicationSupportsIndirectInputEvents = YES;
				INFOPLIST_KEY_UILaunchScreen_Generation = YES;
				INFOPLIST_KEY_UILaunchStoryboardName = LaunchScreen;
				INFOPLIST_KEY_UISupportedInterfaceOrientations = UIInterfaceOrientationPortrait;
				INFOPLIST_KEY_UISupportedInterfaceOrientations_iPad = "UIInterfaceOrientationPortrait UIInterfaceOrientationPortraitUpsideDown UIInterfaceOrientationLandscapeLeft UIInterfaceOrientationLandscapeRight";
				INFOPLIST_KEY_UISupportedInterfaceOrientations_iPhone = "UIInterfaceOrientationPortrait UIInterfaceOrientationLandscapeLeft UIInterfaceOrientationLandscapeRight";
				LD_RUNPATH_SEARCH_PATHS = (
					"$(inherited)",
					"@executable_path/Frameworks",
				);
				MARKETING_VERSION = 1.0;
				PRODUCT_BUNDLE_IDENTIFIER = noumanmehmood.animals;
				PRODUCT_NAME = "$(TARGET_NAME)";
				SWIFT_EMIT_LOC_STRINGS = YES;
				SWIFT_VERSION = 5.0;
				TARGETED_DEVICE_FAMILY = 1;
			};
			name = Release;
		};
		5851246128AE3BD500D2C651 /* Debug */ = {
			isa = XCBuildConfiguration;
			buildSettings = {
				ALWAYS_EMBED_SWIFT_STANDARD_LIBRARIES = YES;
				BUNDLE_LOADER = "$(TEST_HOST)";
				CODE_SIGN_STYLE = Automatic;
				CURRENT_PROJECT_VERSION = 1;
				DEVELOPMENT_TEAM = T2N37Q7UR9;
				GENERATE_INFOPLIST_FILE = YES;
				IPHONEOS_DEPLOYMENT_TARGET = 15.5;
				MARKETING_VERSION = 1.0;
				PRODUCT_BUNDLE_IDENTIFIER = noumanmehmood.animalsTests;
				PRODUCT_NAME = "$(TARGET_NAME)";
				SWIFT_EMIT_LOC_STRINGS = NO;
				SWIFT_VERSION = 5.0;
				TARGETED_DEVICE_FAMILY = "1,2";
				TEST_HOST = "$(BUILT_PRODUCTS_DIR)/animals.app/animals";
			};
			name = Debug;
		};
		5851246228AE3BD500D2C651 /* Release */ = {
			isa = XCBuildConfiguration;
			buildSettings = {
				ALWAYS_EMBED_SWIFT_STANDARD_LIBRARIES = YES;
				BUNDLE_LOADER = "$(TEST_HOST)";
				CODE_SIGN_STYLE = Automatic;
				CURRENT_PROJECT_VERSION = 1;
				DEVELOPMENT_TEAM = T2N37Q7UR9;
				GENERATE_INFOPLIST_FILE = YES;
				IPHONEOS_DEPLOYMENT_TARGET = 15.5;
				MARKETING_VERSION = 1.0;
				PRODUCT_BUNDLE_IDENTIFIER = noumanmehmood.animalsTests;
				PRODUCT_NAME = "$(TARGET_NAME)";
				SWIFT_EMIT_LOC_STRINGS = NO;
				SWIFT_VERSION = 5.0;
				TARGETED_DEVICE_FAMILY = "1,2";
				TEST_HOST = "$(BUILT_PRODUCTS_DIR)/animals.app/animals";
			};
			name = Release;
		};
		5851246428AE3BD500D2C651 /* Debug */ = {
			isa = XCBuildConfiguration;
			buildSettings = {
				ALWAYS_EMBED_SWIFT_STANDARD_LIBRARIES = YES;
				CODE_SIGN_STYLE = Automatic;
				CURRENT_PROJECT_VERSION = 1;
				DEVELOPMENT_TEAM = T2N37Q7UR9;
				GENERATE_INFOPLIST_FILE = YES;
				MARKETING_VERSION = 1.0;
				PRODUCT_BUNDLE_IDENTIFIER = noumanmehmood.animalsUITests;
				PRODUCT_NAME = "$(TARGET_NAME)";
				SWIFT_EMIT_LOC_STRINGS = NO;
				SWIFT_VERSION = 5.0;
				TARGETED_DEVICE_FAMILY = "1,2";
				TEST_TARGET_NAME = animals;
			};
			name = Debug;
		};
		5851246528AE3BD500D2C651 /* Release */ = {
			isa = XCBuildConfiguration;
			buildSettings = {
				ALWAYS_EMBED_SWIFT_STANDARD_LIBRARIES = YES;
				CODE_SIGN_STYLE = Automatic;
				CURRENT_PROJECT_VERSION = 1;
				DEVELOPMENT_TEAM = T2N37Q7UR9;
				GENERATE_INFOPLIST_FILE = YES;
				MARKETING_VERSION = 1.0;
				PRODUCT_BUNDLE_IDENTIFIER = noumanmehmood.animalsUITests;
				PRODUCT_NAME = "$(TARGET_NAME)";
				SWIFT_EMIT_LOC_STRINGS = NO;
				SWIFT_VERSION = 5.0;
				TARGETED_DEVICE_FAMILY = "1,2";
				TEST_TARGET_NAME = animals;
			};
			name = Release;
		};
/* End XCBuildConfiguration section */

/* Begin XCConfigurationList section */
		5851243428AE3BD300D2C651 /* Build configuration list for PBXProject "animals" */ = {
			isa = XCConfigurationList;
			buildConfigurations = (
				5851245B28AE3BD500D2C651 /* Debug */,
				5851245C28AE3BD500D2C651 /* Release */,
			);
			defaultConfigurationIsVisible = 0;
			defaultConfigurationName = Release;
		};
		5851245D28AE3BD500D2C651 /* Build configuration list for PBXNativeTarget "animals" */ = {
			isa = XCConfigurationList;
			buildConfigurations = (
				5851245E28AE3BD500D2C651 /* Debug */,
				5851245F28AE3BD500D2C651 /* Release */,
			);
			defaultConfigurationIsVisible = 0;
			defaultConfigurationName = Release;
		};
		5851246028AE3BD500D2C651 /* Build configuration list for PBXNativeTarget "animalsTests" */ = {
			isa = XCConfigurationList;
			buildConfigurations = (
				5851246128AE3BD500D2C651 /* Debug */,
				5851246228AE3BD500D2C651 /* Release */,
			);
			defaultConfigurationIsVisible = 0;
			defaultConfigurationName = Release;
		};
		5851246328AE3BD500D2C651 /* Build configuration list for PBXNativeTarget "animalsUITests" */ = {
			isa = XCConfigurationList;
			buildConfigurations = (
				5851246428AE3BD500D2C651 /* Debug */,
				5851246528AE3BD500D2C651 /* Release */,
			);
			defaultConfigurationIsVisible = 0;
			defaultConfigurationName = Release;
		};
/* End XCConfigurationList section */

/* Begin XCRemoteSwiftPackageReference section */
		5851247928AED6D100D2C651 /* XCRemoteSwiftPackageReference "bottom-sheet" */ = {
			isa = XCRemoteSwiftPackageReference;
			repositoryURL = "https://github.com/weitieda/bottom-sheet";
			requirement = {
				kind = upToNextMajorVersion;
				minimumVersion = 1.0.0;
			};
		};
/* End XCRemoteSwiftPackageReference section */

/* Begin XCSwiftPackageProductDependency section */
		5851247A28AED6D100D2C651 /* BottomSheet */ = {
			isa = XCSwiftPackageProductDependency;
			package = 5851247928AED6D100D2C651 /* XCRemoteSwiftPackageReference "bottom-sheet" */;
			productName = BottomSheet;
		};
/* End XCSwiftPackageProductDependency section */
	};
	rootObject = 5851243128AE3BD300D2C651 /* Project object */;
}
